
Microsoft Visual Studio Solution File, Format Version 12.00
# Visual Studio Version 17
VisualStudioVersion = 17.4.33213.308
MinimumVisualStudioVersion = 10.0.40219.1
Project("{9A19103F-16F7-4668-BE54-9A1E7A4F7556}") = "RoosterBoard", "RoosterBoard\RoosterBoard.csproj", "{77C8CC7E-09BC-4ACB-8EE3-B97FA3C552EC}"
EndProject
Project("{9A19103F-16F7-4668-BE54-9A1E7A4F7556}") = "Shared", "Shared\Shared.csproj", "{1E613A32-3BD9-48BC-B128-FFBB908388F6}"
EndProject
Project("{9A19103F-16F7-4668-BE54-9A1E7A4F7556}") = "Tests", "Tests\Tests.csproj", "{3159A6FE-C943-45F7-8A0F-04F153E8787C}"
EndProject
Project("{9A19103F-16F7-4668-BE54-9A1E7A4F7556}") = "Infrastructure", "Infrastructure\Infrastructure.csproj", "{BAB2D458-7B0A-44ED-90CE-221172B575E7}"
EndProject
Global
	GlobalSection(SolutionConfigurationPlatforms) = preSolution
		Debug|Any CPU = Debug|Any CPU
		Release|Any CPU = Release|Any CPU
	EndGlobalSection
	GlobalSection(ProjectConfigurationPlatforms) = postSolution
		{77C8CC7E-09BC-4ACB-8EE3-B97FA3C552EC}.Debug|Any CPU.ActiveCfg = Debug|Any CPU
		{77C8CC7E-09BC-4ACB-8EE3-B97FA3C552EC}.Debug|Any CPU.Build.0 = Debug|Any CPU
		{77C8CC7E-09BC-4ACB-8EE3-B97FA3C552EC}.Release|Any CPU.ActiveCfg = Release|Any CPU
		{77C8CC7E-09BC-4ACB-8EE3-B97FA3C552EC}.Release|Any CPU.Build.0 = Release|Any CPU
		{1E613A32-3BD9-48BC-B128-FFBB908388F6}.Debug|Any CPU.ActiveCfg = Debug|Any CPU
		{1E613A32-3BD9-48BC-B128-FFBB908388F6}.Debug|Any CPU.Build.0 = Debug|Any CPU
		{1E613A32-3BD9-48BC-B128-FFBB908388F6}.Release|Any CPU.ActiveCfg = Release|Any CPU
		{1E613A32-3BD9-48BC-B128-FFBB908388F6}.Release|Any CPU.Build.0 = Release|Any CPU
		{3159A6FE-C943-45F7-8A0F-04F153E8787C}.Debug|Any CPU.ActiveCfg = Debug|Any CPU
		{3159A6FE-C943-45F7-8A0F-04F153E8787C}.Debug|Any CPU.Build.0 = Debug|Any CPU
		{3159A6FE-C943-45F7-8A0F-04F153E8787C}.Release|Any CPU.ActiveCfg = Release|Any CPU
		{3159A6FE-C943-45F7-8A0F-04F153E8787C}.Release|Any CPU.Build.0 = Release|Any CPU
		{BAB2D458-7B0A-44ED-90CE-221172B575E7}.Debug|Any CPU.ActiveCfg = Debug|Any CPU
		{BAB2D458-7B0A-44ED-90CE-221172B575E7}.Debug|Any CPU.Build.0 = Debug|Any CPU
		{BAB2D458-7B0A-44ED-90CE-221172B575E7}.Release|Any CPU.ActiveCfg = Release|Any CPU
		{BAB2D458-7B0A-44ED-90CE-221172B575E7}.Release|Any CPU.Build.0 = Release|Any CPU
	EndGlobalSection
	GlobalSection(SolutionProperties) = preSolution
		HideSolutionNode = FALSE
	EndGlobalSection
	GlobalSection(ExtensibilityGlobals) = postSolution
		SolutionGuid = {3D2B53C4-685D-4381-8575-079415D9E108}
	EndGlobalSection
EndGlobal
